
Microsoft Visual Studio Solution File, Format Version 12.00
# Visual Studio 14
VisualStudioVersion = 14.0.25420.1
MinimumVisualStudioVersion = 10.0.40219.1
Project("{FAE04EC0-301F-11D3-BF4B-00C04F79EFBC}") = "_Api", "GuildfordBoroughCouncil.Api\_Api.csproj", "{24CAEBA5-26BB-44CA-A6E6-BD4912EF2EF3}"
EndProject
Project("{FAE04EC0-301F-11D3-BF4B-00C04F79EFBC}") = "Location", "..\api-address\GuildfordBoroughCouncil.Address.Api\Location.csproj", "{03BD202C-D8B7-4DAE-BC82-060F4E8994BC}"
EndProject
Global
	GlobalSection(SolutionConfigurationPlatforms) = preSolution
		Debug|Any CPU = Debug|Any CPU
		Release|Any CPU = Release|Any CPU
	EndGlobalSection
	GlobalSection(ProjectConfigurationPlatforms) = postSolution
		{24CAEBA5-26BB-44CA-A6E6-BD4912EF2EF3}.Debug|Any CPU.ActiveCfg = Debug|Any CPU
		{24CAEBA5-26BB-44CA-A6E6-BD4912EF2EF3}.Debug|Any CPU.Build.0 = Debug|Any CPU
		{24CAEBA5-26BB-44CA-A6E6-BD4912EF2EF3}.Release|Any CPU.ActiveCfg = Release|Any CPU
		{24CAEBA5-26BB-44CA-A6E6-BD4912EF2EF3}.Release|Any CPU.Build.0 = Release|Any CPU
		{03BD202C-D8B7-4DAE-BC82-060F4E8994BC}.Debug|Any CPU.ActiveCfg = Debug|Any CPU
		{03BD202C-D8B7-4DAE-BC82-060F4E8994BC}.Debug|Any CPU.Build.0 = Debug|Any CPU
		{03BD202C-D8B7-4DAE-BC82-060F4E8994BC}.Release|Any CPU.ActiveCfg = Release|Any CPU
		{03BD202C-D8B7-4DAE-BC82-060F4E8994BC}.Release|Any CPU.Build.0 = Release|Any CPU
	EndGlobalSection
	GlobalSection(SolutionProperties) = preSolution
		HideSolutionNode = FALSE
	EndGlobalSection
EndGlobal
